// !$*UTF8*$!
{
	archiveVersion = 1;
	classes = {
	};
	objectVersion = 51;
	objects = {

/* Begin PBXBuildFile section */
		2A6C8003200356586BBE1123 /* Pods_SocialApp.framework in Frameworks */ = {isa = PBXBuildFile; fileRef = 71E9420E8CF88DC52462FD9D /* Pods_SocialApp.framework */; };
		743E479F2304C56C00620AEB /* FancyBtn.swift in Sources */ = {isa = PBXBuildFile; fileRef = 743E479E2304C56C00620AEB /* FancyBtn.swift */; };
		747957622303FCCB00D5C0BB /* GoogleService-Info.plist in Resources */ = {isa = PBXBuildFile; fileRef = 747957612303FCCB00D5C0BB /* GoogleService-Info.plist */; };
		7483558E230435BB0069FF8D /* FancyView.swift in Sources */ = {isa = PBXBuildFile; fileRef = 7483558D230435BB0069FF8D /* FancyView.swift */; };
		748355902304364A0069FF8D /* Constants.swift in Sources */ = {isa = PBXBuildFile; fileRef = 7483558F2304364A0069FF8D /* Constants.swift */; };
		7483559323043BB50069FF8D /* RoundBtn.swift in Sources */ = {isa = PBXBuildFile; fileRef = 7483559223043BB50069FF8D /* RoundBtn.swift */; };
		74835595230447960069FF8D /* FancyField.swift in Sources */ = {isa = PBXBuildFile; fileRef = 74835594230447960069FF8D /* FancyField.swift */; };
		7495BBE02305BDA4005C72B3 /* FeedVC.swift in Sources */ = {isa = PBXBuildFile; fileRef = 7495BBDF2305BDA4005C72B3 /* FeedVC.swift */; };
		74DDF25C2303FC5B00648C63 /* AppDelegate.swift in Sources */ = {isa = PBXBuildFile; fileRef = 74DDF25B2303FC5B00648C63 /* AppDelegate.swift */; };
		74DDF25E2303FC5B00648C63 /* SignVC.swift in Sources */ = {isa = PBXBuildFile; fileRef = 74DDF25D2303FC5B00648C63 /* SignVC.swift */; };
		74DDF2612303FC5B00648C63 /* Main.storyboard in Resources */ = {isa = PBXBuildFile; fileRef = 74DDF25F2303FC5B00648C63 /* Main.storyboard */; };
		74DDF2632303FC5C00648C63 /* Assets.xcassets in Resources */ = {isa = PBXBuildFile; fileRef = 74DDF2622303FC5C00648C63 /* Assets.xcassets */; };
		74DDF2662303FC5C00648C63 /* LaunchScreen.storyboard in Resources */ = {isa = PBXBuildFile; fileRef = 74DDF2642303FC5C00648C63 /* LaunchScreen.storyboard */; };
		74E8463323080C4F00932DEA /* PostCell.swift in Sources */ = {isa = PBXBuildFile; fileRef = 74E8463223080C4F00932DEA /* PostCell.swift */; };
		74E927DE2306D9A80001F066 /* CirecleView.swift in Sources */ = {isa = PBXBuildFile; fileRef = 74E927DD2306D9A80001F066 /* CirecleView.swift */; };
/* End PBXBuildFile section */

/* Begin PBXFileReference section */
		4DE5D9DDE28151F83D012E88 /* Pods-SocialApp.debug.xcconfig */ = {isa = PBXFileReference; includeInIndex = 1; lastKnownFileType = text.xcconfig; name = "Pods-SocialApp.debug.xcconfig"; path = "Pods/Target Support Files/Pods-SocialApp/Pods-SocialApp.debug.xcconfig"; sourceTree = "<group>"; };
		71E9420E8CF88DC52462FD9D /* Pods_SocialApp.framework */ = {isa = PBXFileReference; explicitFileType = wrapper.framework; includeInIndex = 0; path = Pods_SocialApp.framework; sourceTree = BUILT_PRODUCTS_DIR; };
		743E479E2304C56C00620AEB /* FancyBtn.swift */ = {isa = PBXFileReference; lastKnownFileType = sourcecode.swift; path = FancyBtn.swift; sourceTree = "<group>"; };
		747957612303FCCB00D5C0BB /* GoogleService-Info.plist */ = {isa = PBXFileReference; fileEncoding = 4; lastKnownFileType = text.plist.xml; path = "GoogleService-Info.plist"; sourceTree = "<group>"; };
		7483558D230435BB0069FF8D /* FancyView.swift */ = {isa = PBXFileReference; lastKnownFileType = sourcecode.swift; path = FancyView.swift; sourceTree = "<group>"; };
		7483558F2304364A0069FF8D /* Constants.swift */ = {isa = PBXFileReference; lastKnownFileType = sourcecode.swift; path = Constants.swift; sourceTree = "<group>"; };
		7483559223043BB50069FF8D /* RoundBtn.swift */ = {isa = PBXFileReference; lastKnownFileType = sourcecode.swift; path = RoundBtn.swift; sourceTree = "<group>"; };
		74835594230447960069FF8D /* FancyField.swift */ = {isa = PBXFileReference; lastKnownFileType = sourcecode.swift; path = FancyField.swift; sourceTree = "<group>"; };
		7495BBDF2305BDA4005C72B3 /* FeedVC.swift */ = {isa = PBXFileReference; lastKnownFileType = sourcecode.swift; path = FeedVC.swift; sourceTree = "<group>"; };
		74CC8C5423056CB000E8DA48 /* SocialApp.entitlements */ = {isa = PBXFileReference; lastKnownFileType = text.plist.entitlements; path = SocialApp.entitlements; sourceTree = "<group>"; };
		74DDF2582303FC5B00648C63 /* SocialApp.app */ = {isa = PBXFileReference; explicitFileType = wrapper.application; includeInIndex = 0; path = SocialApp.app; sourceTree = BUILT_PRODUCTS_DIR; };
		74DDF25B2303FC5B00648C63 /* AppDelegate.swift */ = {isa = PBXFileReference; lastKnownFileType = sourcecode.swift; path = AppDelegate.swift; sourceTree = "<group>"; };
		74DDF25D2303FC5B00648C63 /* SignVC.swift */ = {isa = PBXFileReference; lastKnownFileType = sourcecode.swift; path = SignVC.swift; sourceTree = "<group>"; };
		74DDF2602303FC5B00648C63 /* Base */ = {isa = PBXFileReference; lastKnownFileType = file.storyboard; name = Base; path = Base.lproj/Main.storyboard; sourceTree = "<group>"; };
		74DDF2622303FC5C00648C63 /* Assets.xcassets */ = {isa = PBXFileReference; lastKnownFileType = folder.assetcatalog; path = Assets.xcassets; sourceTree = "<group>"; };
		74DDF2652303FC5C00648C63 /* Base */ = {isa = PBXFileReference; lastKnownFileType = file.storyboard; name = Base; path = Base.lproj/LaunchScreen.storyboard; sourceTree = "<group>"; };
		74DDF2672303FC5C00648C63 /* Info.plist */ = {isa = PBXFileReference; lastKnownFileType = text.plist.xml; path = Info.plist; sourceTree = "<group>"; };
		74E8463223080C4F00932DEA /* PostCell.swift */ = {isa = PBXFileReference; lastKnownFileType = sourcecode.swift; path = PostCell.swift; sourceTree = "<group>"; };
		74E927DD2306D9A80001F066 /* CirecleView.swift */ = {isa = PBXFileReference; lastKnownFileType = sourcecode.swift; path = CirecleView.swift; sourceTree = "<group>"; };
		AB005B1033035493D7A8F108 /* Pods-SocialApp.release.xcconfig */ = {isa = PBXFileReference; includeInIndex = 1; lastKnownFileType = text.xcconfig; name = "Pods-SocialApp.release.xcconfig"; path = "Pods/Target Support Files/Pods-SocialApp/Pods-SocialApp.release.xcconfig"; sourceTree = "<group>"; };
/* End PBXFileReference section */

/* Begin PBXFrameworksBuildPhase section */
		74DDF2552303FC5B00648C63 /* Frameworks */ = {
			isa = PBXFrameworksBuildPhase;
			buildActionMask = 2147483647;
			files = (
				2A6C8003200356586BBE1123 /* Pods_SocialApp.framework in Frameworks */,
			);
			runOnlyForDeploymentPostprocessing = 0;
		};
/* End PBXFrameworksBuildPhase section */

/* Begin PBXGroup section */
		747957632303FED700D5C0BB /* Model */ = {
			isa = PBXGroup;
			children = (
			);
			path = Model;
			sourceTree = "<group>";
		};
		747957642303FEDE00D5C0BB /* View */ = {
			isa = PBXGroup;
			children = (
				7483558D230435BB0069FF8D /* FancyView.swift */,
				7483559223043BB50069FF8D /* RoundBtn.swift */,
				74835594230447960069FF8D /* FancyField.swift */,
				743E479E2304C56C00620AEB /* FancyBtn.swift */,
				74E927DD2306D9A80001F066 /* CirecleView.swift */,
				74E8463223080C4F00932DEA /* PostCell.swift */,
			);
			path = View;
			sourceTree = "<group>";
		};
		747957652303FEE400D5C0BB /* Controller */ = {
			isa = PBXGroup;
			children = (
				74DDF25D2303FC5B00648C63 /* SignVC.swift */,
				7495BBDF2305BDA4005C72B3 /* FeedVC.swift */,
			);
			path = Controller;
			sourceTree = "<group>";
		};
		74835591230437510069FF8D /* Utilities */ = {
			isa = PBXGroup;
			children = (
				7483558F2304364A0069FF8D /* Constants.swift */,
			);
			path = Utilities;
			sourceTree = "<group>";
		};
		74DDF24F2303FC5B00648C63 = {
			isa = PBXGroup;
			children = (
				74DDF25A2303FC5B00648C63 /* SocialApp */,
				74DDF2592303FC5B00648C63 /* Products */,
				C02600F62FCE9F7803F3B4C7 /* Pods */,
				D68F43FCED5F1AEC69BF1120 /* Frameworks */,
			);
			sourceTree = "<group>";
		};
		74DDF2592303FC5B00648C63 /* Products */ = {
			isa = PBXGroup;
			children = (
				74DDF2582303FC5B00648C63 /* SocialApp.app */,
			);
			name = Products;
			sourceTree = "<group>";
		};
		74DDF25A2303FC5B00648C63 /* SocialApp */ = {
			isa = PBXGroup;
			children = (
				74CC8C5423056CB000E8DA48 /* SocialApp.entitlements */,
				74835591230437510069FF8D /* Utilities */,
				747957652303FEE400D5C0BB /* Controller */,
				747957642303FEDE00D5C0BB /* View */,
				747957632303FED700D5C0BB /* Model */,
				74DDF25B2303FC5B00648C63 /* AppDelegate.swift */,
				74DDF25F2303FC5B00648C63 /* Main.storyboard */,
				74DDF2622303FC5C00648C63 /* Assets.xcassets */,
				74DDF2642303FC5C00648C63 /* LaunchScreen.storyboard */,
				74DDF2672303FC5C00648C63 /* Info.plist */,
				747957612303FCCB00D5C0BB /* GoogleService-Info.plist */,
			);
			path = SocialApp;
			sourceTree = "<group>";
		};
		C02600F62FCE9F7803F3B4C7 /* Pods */ = {
			isa = PBXGroup;
			children = (
				4DE5D9DDE28151F83D012E88 /* Pods-SocialApp.debug.xcconfig */,
				AB005B1033035493D7A8F108 /* Pods-SocialApp.release.xcconfig */,
			);
			name = Pods;
			sourceTree = "<group>";
		};
		D68F43FCED5F1AEC69BF1120 /* Frameworks */ = {
			isa = PBXGroup;
			children = (
				71E9420E8CF88DC52462FD9D /* Pods_SocialApp.framework */,
			);
			name = Frameworks;
			sourceTree = "<group>";
		};
/* End PBXGroup section */

/* Begin PBXNativeTarget section */
		74DDF2572303FC5B00648C63 /* SocialApp */ = {
			isa = PBXNativeTarget;
			buildConfigurationList = 74DDF26A2303FC5C00648C63 /* Build configuration list for PBXNativeTarget "SocialApp" */;
			buildPhases = (
				EF2ACCEEDF3BD86B1E6DA603 /* [CP] Check Pods Manifest.lock */,
				74DDF2542303FC5B00648C63 /* Sources */,
				74DDF2552303FC5B00648C63 /* Frameworks */,
				74DDF2562303FC5B00648C63 /* Resources */,
				C65F67372EFF3D7B390F5B58 /* [CP] Embed Pods Frameworks */,
			);
			buildRules = (
			);
			dependencies = (
			);
			name = SocialApp;
			productName = SocialApp;
			productReference = 74DDF2582303FC5B00648C63 /* SocialApp.app */;
			productType = "com.apple.product-type.application";
		};
/* End PBXNativeTarget section */

/* Begin PBXProject section */
		74DDF2502303FC5B00648C63 /* Project object */ = {
			isa = PBXProject;
			attributes = {
				LastSwiftUpdateCheck = 1010;
				LastUpgradeCheck = 1010;
				ORGANIZATIONNAME = "Hady Hammad";
				TargetAttributes = {
					74DDF2572303FC5B00648C63 = {
						CreatedOnToolsVersion = 10.1;
						SystemCapabilities = {
							com.apple.Keychain = {
								enabled = 1;
							};
						};
					};
				};
			};
			buildConfigurationList = 74DDF2532303FC5B00648C63 /* Build configuration list for PBXProject "SocialApp" */;
			compatibilityVersion = "Xcode 9.3";
			developmentRegion = en;
			hasScannedForEncodings = 0;
			knownRegions = (
				en,
				Base,
			);
			mainGroup = 74DDF24F2303FC5B00648C63;
			productRefGroup = 74DDF2592303FC5B00648C63 /* Products */;
			projectDirPath = "";
			projectRoot = "";
			targets = (
				74DDF2572303FC5B00648C63 /* SocialApp */,
			);
		};
/* End PBXProject section */

/* Begin PBXResourcesBuildPhase section */
		74DDF2562303FC5B00648C63 /* Resources */ = {
			isa = PBXResourcesBuildPhase;
			buildActionMask = 2147483647;
			files = (
				74DDF2662303FC5C00648C63 /* LaunchScreen.storyboard in Resources */,
				747957622303FCCB00D5C0BB /* GoogleService-Info.plist in Resources */,
				74DDF2632303FC5C00648C63 /* Assets.xcassets in Resources */,
				74DDF2612303FC5B00648C63 /* Main.storyboard in Resources */,
			);
			runOnlyForDeploymentPostprocessing = 0;
		};
/* End PBXResourcesBuildPhase section */

/* Begin PBXShellScriptBuildPhase section */
		C65F67372EFF3D7B390F5B58 /* [CP] Embed Pods Frameworks */ = {
			isa = PBXShellScriptBuildPhase;
			buildActionMask = 2147483647;
			files = (
			);
			inputFileListPaths = (
				"${PODS_ROOT}/Target Support Files/Pods-SocialApp/Pods-SocialApp-frameworks-${CONFIGURATION}-input-files.xcfilelist",
			);
			name = "[CP] Embed Pods Frameworks";
			outputFileListPaths = (
				"${PODS_ROOT}/Target Support Files/Pods-SocialApp/Pods-SocialApp-frameworks-${CONFIGURATION}-output-files.xcfilelist",
			);
			runOnlyForDeploymentPostprocessing = 0;
			shellPath = /bin/sh;
			shellScript = "\"${PODS_ROOT}/Target Support Files/Pods-SocialApp/Pods-SocialApp-frameworks.sh\"\n";
			showEnvVarsInLog = 0;
		};
		EF2ACCEEDF3BD86B1E6DA603 /* [CP] Check Pods Manifest.lock */ = {
			isa = PBXShellScriptBuildPhase;
			buildActionMask = 2147483647;
			files = (
			);
			inputPaths = (
				"${PODS_PODFILE_DIR_PATH}/Podfile.lock",
				"${PODS_ROOT}/Manifest.lock",
			);
			name = "[CP] Check Pods Manifest.lock";
			outputPaths = (
				"$(DERIVED_FILE_DIR)/Pods-SocialApp-checkManifestLockResult.txt",
			);
			runOnlyForDeploymentPostprocessing = 0;
			shellPath = /bin/sh;
			shellScript = "diff \"${PODS_PODFILE_DIR_PATH}/Podfile.lock\" \"${PODS_ROOT}/Manifest.lock\" > /dev/null\nif [ $? != 0 ] ; then\n    # print error to STDERR\n    echo \"error: The sandbox is not in sync with the Podfile.lock. Run 'pod install' or update your CocoaPods installation.\" >&2\n    exit 1\nfi\n# This output is used by Xcode 'outputs' to avoid re-running this script phase.\necho \"SUCCESS\" > \"${SCRIPT_OUTPUT_FILE_0}\"\n";
			showEnvVarsInLog = 0;
		};
/* End PBXShellScriptBuildPhase section */

/* Begin PBXSourcesBuildPhase section */
		74DDF2542303FC5B00648C63 /* Sources */ = {
			isa = PBXSourcesBuildPhase;
			buildActionMask = 2147483647;
			files = (
				74835595230447960069FF8D /* FancyField.swift in Sources */,
				74DDF25E2303FC5B00648C63 /* SignVC.swift in Sources */,
				7483559323043BB50069FF8D /* RoundBtn.swift in Sources */,
				74DDF25C2303FC5B00648C63 /* AppDelegate.swift in Sources */,
				7495BBE02305BDA4005C72B3 /* FeedVC.swift in Sources */,
				748355902304364A0069FF8D /* Constants.swift in Sources */,
				7483558E230435BB0069FF8D /* FancyView.swift in Sources */,
				74E927DE2306D9A80001F066 /* CirecleView.swift in Sources */,
				743E479F2304C56C00620AEB /* FancyBtn.swift in Sources */,
				74E8463323080C4F00932DEA /* PostCell.swift in Sources */,
			);
			runOnlyForDeploymentPostprocessing = 0;
		};
/* End PBXSourcesBuildPhase section */

/* Begin PBXVariantGroup section */
		74DDF25F2303FC5B00648C63 /* Main.storyboard */ = {
			isa = PBXVariantGroup;
			children = (
				74DDF2602303FC5B00648C63 /* Base */,
			);
			name = Main.storyboard;
			sourceTree = "<group>";
		};
		74DDF2642303FC5C00648C63 /* LaunchScreen.storyboard */ = {
			isa = PBXVariantGroup;
			children = (
				74DDF2652303FC5C00648C63 /* Base */,
			);
			name = LaunchScreen.storyboard;
			sourceTree = "<group>";
		};
/* End PBXVariantGroup section */

/* Begin XCBuildConfiguration section */
		74DDF2682303FC5C00648C63 /* Debug */ = {
			isa = XCBuildConfiguration;
			buildSettings = {
				ALWAYS_SEARCH_USER_PATHS = NO;
				CLANG_ANALYZER_NONNULL = YES;
				CLANG_ANALYZER_NUMBER_OBJECT_CONVERSION = YES_AGGRESSIVE;
				CLANG_CXX_LANGUAGE_STANDARD = "gnu++14";
				CLANG_CXX_LIBRARY = "libc++";
				CLANG_ENABLE_MODULES = YES;
				CLANG_ENABLE_OBJC_ARC = YES;
				CLANG_ENABLE_OBJC_WEAK = YES;
				CLANG_WARN_BLOCK_CAPTURE_AUTORELEASING = YES;
				CLANG_WARN_BOOL_CONVERSION = YES;
				CLANG_WARN_COMMA = YES;
				CLANG_WARN_CONSTANT_CONVERSION = YES;
				CLANG_WARN_DEPRECATED_OBJC_IMPLEMENTATIONS = YES;
				CLANG_WARN_DIRECT_OBJC_ISA_USAGE = YES_ERROR;
				CLANG_WARN_DOCUMENTATION_COMMENTS = YES;
				CLANG_WARN_EMPTY_BODY = YES;
				CLANG_WARN_ENUM_CONVERSION = YES;
				CLANG_WARN_INFINITE_RECURSION = YES;
				CLANG_WARN_INT_CONVERSION = YES;
				CLANG_WARN_NON_LITERAL_NULL_CONVERSION = YES;
				CLANG_WARN_OBJC_IMPLICIT_RETAIN_SELF = YES;
				CLANG_WARN_OBJC_LITERAL_CONVERSION = YES;
				CLANG_WARN_OBJC_ROOT_CLASS = YES_ERROR;
				CLANG_WARN_RANGE_LOOP_ANALYSIS = YES;
				CLANG_WARN_STRICT_PROTOTYPES = YES;
				CLANG_WARN_SUSPICIOUS_MOVE = YES;
				CLANG_WARN_UNGUARDED_AVAILABILITY = YES_AGGRESSIVE;
				CLANG_WARN_UNREACHABLE_CODE = YES;
				CLANG_WARN__DUPLICATE_METHOD_MATCH = YES;
				CODE_SIGN_IDENTITY = "iPhone Developer";
				COPY_PHASE_STRIP = NO;
				DEBUG_INFORMATION_FORMAT = dwarf;
				ENABLE_STRICT_OBJC_MSGSEND = YES;
				ENABLE_TESTABILITY = YES;
				GCC_C_LANGUAGE_STANDARD = gnu11;
				GCC_DYNAMIC_NO_PIC = NO;
				GCC_NO_COMMON_BLOCKS = YES;
				GCC_OPTIMIZATION_LEVEL = 0;
				GCC_PREPROCESSOR_DEFINITIONS = (
					"DEBUG=1",
					"$(inherited)",
				);
				GCC_WARN_64_TO_32_BIT_CONVERSION = YES;
				GCC_WARN_ABOUT_RETURN_TYPE = YES_ERROR;
				GCC_WARN_UNDECLARED_SELECTOR = YES;
				GCC_WARN_UNINITIALIZED_AUTOS = YES_AGGRESSIVE;
				GCC_WARN_UNUSED_FUNCTION = YES;
				GCC_WARN_UNUSED_VARIABLE = YES;
				IPHONEOS_DEPLOYMENT_TARGET = 12.1;
				MTL_ENABLE_DEBUG_INFO = INCLUDE_SOURCE;
				MTL_FAST_MATH = YES;
				ONLY_ACTIVE_ARCH = YES;
				SDKROOT = iphoneos;
				SWIFT_ACTIVE_COMPILATION_CONDITIONS = DEBUG;
				SWIFT_OPTIMIZATION_LEVEL = "-Onone";
			};
			name = Debug;
		};
		74DDF2692303FC5C00648C63 /* Release */ = {
			isa = XCBuildConfiguration;
			buildSettings = {
				ALWAYS_SEARCH_USER_PATHS = NO;
				CLANG_ANALYZER_NONNULL = YES;
				CLANG_ANALYZER_NUMBER_OBJECT_CONVERSION = YES_AGGRESSIVE;
				CLANG_CXX_LANGUAGE_STANDARD = "gnu++14";
				CLANG_CXX_LIBRARY = "libc++";
				CLANG_ENABLE_MODULES = YES;
				CLANG_ENABLE_OBJC_ARC = YES;
				CLANG_ENABLE_OBJC_WEAK = YES;
				CLANG_WARN_BLOCK_CAPTURE_AUTORELEASING = YES;
				CLANG_WARN_BOOL_CONVERSION = YES;
				CLANG_WARN_COMMA = YES;
				CLANG_WARN_CONSTANT_CONVERSION = YES;
				CLANG_WARN_DEPRECATED_OBJC_IMPLEMENTATIONS = YES;
				CLANG_WARN_DIRECT_OBJC_ISA_USAGE = YES_ERROR;
				CLANG_WARN_DOCUMENTATION_COMMENTS = YES;
				CLANG_WARN_EMPTY_BODY = YES;
				CLANG_WARN_ENUM_CONVERSION = YES;
				CLANG_WARN_INFINITE_RECURSION = YES;
				CLANG_WARN_INT_CONVERSION = YES;
				CLANG_WARN_NON_LITERAL_NULL_CONVERSION = YES;
				CLANG_WARN_OBJC_IMPLICIT_RETAIN_SELF = YES;
				CLANG_WARN_OBJC_LITERAL_CONVERSION = YES;
				CLANG_WARN_OBJC_ROOT_CLASS = YES_ERROR;
				CLANG_WARN_RANGE_LOOP_ANALYSIS = YES;
				CLANG_WARN_STRICT_PROTOTYPES = YES;
				CLANG_WARN_SUSPICIOUS_MOVE = YES;
				CLANG_WARN_UNGUARDED_AVAILABILITY = YES_AGGRESSIVE;
				CLANG_WARN_UNREACHABLE_CODE = YES;
				CLANG_WARN__DUPLICATE_METHOD_MATCH = YES;
				CODE_SIGN_IDENTITY = "iPhone Developer";
				COPY_PHASE_STRIP = NO;
				DEBUG_INFORMATION_FORMAT = "dwarf-with-dsym";
				ENABLE_NS_ASSERTIONS = NO;
				ENABLE_STRICT_OBJC_MSGSEND = YES;
				GCC_C_LANGUAGE_STANDARD = gnu11;
				GCC_NO_COMMON_BLOCKS = YES;
				GCC_WARN_64_TO_32_BIT_CONVERSION = YES;
				GCC_WARN_ABOUT_RETURN_TYPE = YES_ERROR;
				GCC_WARN_UNDECLARED_SELECTOR = YES;
				GCC_WARN_UNINITIALIZED_AUTOS = YES_AGGRESSIVE;
				GCC_WARN_UNUSED_FUNCTION = YES;
				GCC_WARN_UNUSED_VARIABLE = YES;
				IPHONEOS_DEPLOYMENT_TARGET = 12.1;
				MTL_ENABLE_DEBUG_INFO = NO;
				MTL_FAST_MATH = YES;
				SDKROOT = iphoneos;
				SWIFT_COMPILATION_MODE = wholemodule;
				SWIFT_OPTIMIZATION_LEVEL = "-O";
				VALIDATE_PRODUCT = YES;
			};
			name = Release;
		};
		74DDF26B2303FC5C00648C63 /* Debug */ = {
			isa = XCBuildConfiguration;
			baseConfigurationReference = 4DE5D9DDE28151F83D012E88 /* Pods-SocialApp.debug.xcconfig */;
			buildSettings = {
				ASSETCATALOG_COMPILER_APPICON_NAME = AppIcon;
				CODE_SIGN_ENTITLEMENTS = SocialApp/SocialApp.entitlements;
				CODE_SIGN_STYLE = Automatic;
				DEVELOPMENT_TEAM = QATASNWS98;
				INFOPLIST_FILE = SocialApp/Info.plist;
				LD_RUNPATH_SEARCH_PATHS = (
					"$(inherited)",
					"@executable_path/Frameworks",
				);
				PRODUCT_BUNDLE_IDENTIFIER = hadyhammad.SocialApp;
				PRODUCT_NAME = "$(TARGET_NAME)";
				SWIFT_VERSION = 4.2;
				TARGETED_DEVICE_FAMILY = "1,2";
			};
			name = Debug;
		};
		74DDF26C2303FC5C00648C63 /* Release */ = {
			isa = XCBuildConfiguration;
			baseConfigurationReference = AB005B1033035493D7A8F108 /* Pods-SocialApp.release.xcconfig */;
			buildSettings = {
				ASSETCATALOG_COMPILER_APPICON_NAME = AppIcon;
				CODE_SIGN_ENTITLEMENTS = SocialApp/SocialApp.entitlements;
				CODE_SIGN_STYLE = Automatic;
				DEVELOPMENT_TEAM = QATASNWS98;
				INFOPLIST_FILE = SocialApp/Info.plist;
				LD_RUNPATH_SEARCH_PATHS = (
					"$(inherited)",
					"@executable_path/Frameworks",
				);
				PRODUCT_BUNDLE_IDENTIFIER = hadyhammad.SocialApp;
				PRODUCT_NAME = "$(TARGET_NAME)";
				SWIFT_VERSION = 4.2;
				TARGETED_DEVICE_FAMILY = "1,2";
			};
			name = Release;
		};
/* End XCBuildConfiguration section */

/* Begin XCConfigurationList section */
		74DDF2532303FC5B00648C63 /* Build configuration list for PBXProject "SocialApp" */ = {
			isa = XCConfigurationList;
			buildConfigurations = (
				74DDF2682303FC5C00648C63 /* Debug */,
				74DDF2692303FC5C00648C63 /* Release */,
			);
			defaultConfigurationIsVisible = 0;
			defaultConfigurationName = Release;
		};
		74DDF26A2303FC5C00648C63 /* Build configuration list for PBXNativeTarget "SocialApp" */ = {
			isa = XCConfigurationList;
			buildConfigurations = (
				74DDF26B2303FC5C00648C63 /* Debug */,
				74DDF26C2303FC5C00648C63 /* Release */,
			);
			defaultConfigurationIsVisible = 0;
			defaultConfigurationName = Release;
		};
/* End XCConfigurationList section */
	};
	rootObject = 74DDF2502303FC5B00648C63 /* Project object */;
}
